
Microsoft Visual Studio Solution File, Format Version 12.00
# Visual Studio 15
VisualStudioVersion = 15.0.27130.2036
MinimumVisualStudioVersion = 10.0.40219.1
Project("{FAE04EC0-301F-11D3-BF4B-00C04F79EFBC}") = "ArduinoKeyboard", "ArduinoKeyboard\ArduinoKeyboard.csproj", "{CE5E449D-D7E6-4D7A-81EC-C6778F81DAA4}"
EndProject
Global
	GlobalSection(SolutionConfigurationPlatforms) = preSolution
		Debug|Any CPU = Debug|Any CPU
		Release|Any CPU = Release|Any CPU
	EndGlobalSection
	GlobalSection(ProjectConfigurationPlatforms) = postSolution
		{CE5E449D-D7E6-4D7A-81EC-C6778F81DAA4}.Debug|Any CPU.ActiveCfg = Debug|Any CPU
		{CE5E449D-D7E6-4D7A-81EC-C6778F81DAA4}.Debug|Any CPU.Build.0 = Debug|Any CPU
		{CE5E449D-D7E6-4D7A-81EC-C6778F81DAA4}.Release|Any CPU.ActiveCfg = Release|Any CPU
		{CE5E449D-D7E6-4D7A-81EC-C6778F81DAA4}.Release|Any CPU.Build.0 = Release|Any CPU
	EndGlobalSection
	GlobalSection(SolutionProperties) = preSolution
		HideSolutionNode = FALSE
	EndGlobalSection
	GlobalSection(ExtensibilityGlobals) = postSolution
		SolutionGuid = {C89547C9-F76C-4ABE-8BBC-DE7A66CCCC4C}
	EndGlobalSection
EndGlobal
